[[package]]
category = "main"
description = "Bindings to the Linux input handling subsystem"
marker = "sys_platform in \"linux\""
name = "evdev"
optional = false
python-versions = "*"
version = "1.3.0"

[[package]]
category = "dev"
description = "the modular source code checker: pep8 pyflakes and co"
name = "flake8"
optional = false
python-versions = "!=3.0.*,!=3.1.*,!=3.2.*,!=3.3.*,>=2.7"
version = "3.8.4"

[package.dependencies]
mccabe = ">=0.6.0,<0.7.0"
pycodestyle = ">=2.6.0a1,<2.7.0"
pyflakes = ">=2.2.0,<2.3.0"

[[package]]
category = "dev"
description = "McCabe checker, plugin for flake8"
name = "mccabe"
optional = false
python-versions = "*"
version = "0.6.1"

[[package]]
category = "dev"
description = "Python style guide checker"
name = "pycodestyle"
optional = false
python-versions = ">=2.7, !=3.0.*, !=3.1.*, !=3.2.*, !=3.3.*"
version = "2.6.0"

[[package]]
category = "dev"
description = "passive checker of Python programs"
name = "pyflakes"
optional = false
python-versions = ">=2.7, !=3.0.*, !=3.1.*, !=3.2.*, !=3.3.*"
version = "2.2.0"

[[package]]
category = "main"
description = "Monitor and control user input devices"
name = "pynput"
optional = false
python-versions = "*"
version = "1.7.1"

[package.dependencies]
evdev = ">=1.3"
pyobjc-framework-Quartz = ">=3.0"
python-xlib = ">=0.17"
six = "*"

[[package]]
category = "main"
description = "Python<->ObjC Interoperability Module"
marker = "sys_platform == \"darwin\""
name = "pyobjc-core"
optional = false
python-versions = ">=3.6"
version = "6.2.2"

[[package]]
category = "main"
description = "Wrappers for the Cocoa frameworks on macOS"
marker = "sys_platform == \"darwin\""
name = "pyobjc-framework-cocoa"
optional = false
python-versions = ">=3.6"
version = "6.2.2"

[package.dependencies]
pyobjc-core = ">=6.2.2"

[[package]]
category = "main"
description = "Wrappers for the Quartz frameworks on macOS"
marker = "sys_platform == \"darwin\""
name = "pyobjc-framework-quartz"
optional = false
python-versions = ">=3.6"
version = "6.2.2"

[package.dependencies]
pyobjc-core = ">=6.2.2"
pyobjc-framework-Cocoa = ">=6.2.2"

[[package]]
category = "main"
description = "Python X Library"
marker = "sys_platform in \"linux\""
name = "python-xlib"
optional = false
python-versions = "*"
version = "0.28"

[package.dependencies]
six = ">=1.10.0"

[[package]]
category = "main"
description = "Python 2 and 3 compatibility utilities"
name = "six"
optional = false
python-versions = ">=2.7, !=3.0.*, !=3.1.*, !=3.2.*"
version = "1.15.0"

[metadata]
content-hash = "b866486c2394f8204d0a59fe22b005b148fcf7cc4c85f052995653aed064dcf4"
lock-version = "1.0"
python-versions = "^3.8.5"

[metadata.files]
evdev = [
    {file = "evdev-1.3.0.tar.gz", hash = "sha256:b1c649b4fed7252711011da235782b2c260b32e004058d62473471e5cd30634d"},
]
flake8 = [
    {file = "flake8-3.8.4-py2.py3-none-any.whl", hash = "sha256:749dbbd6bfd0cf1318af27bf97a14e28e5ff548ef8e5b1566ccfb25a11e7c839"},
    {file = "flake8-3.8.4.tar.gz", hash = "sha256:aadae8761ec651813c24be05c6f7b4680857ef6afaae4651a4eccaef97ce6c3b"},
]
mccabe = [
    {file = "mccabe-0.6.1-py2.py3-none-any.whl", hash = "sha256:ab8a6258860da4b6677da4bd2fe5dc2c659cff31b3ee4f7f5d64e79735b80d42"},
    {file = "mccabe-0.6.1.tar.gz", hash = "sha256:dd8d182285a0fe56bace7f45b5e7d1a6ebcbf524e8f3bd87eb0f125271b8831f"},
]
pycodestyle = [
    {file = "pycodestyle-2.6.0-py2.py3-none-any.whl", hash = "sha256:2295e7b2f6b5bd100585ebcb1f616591b652db8a741695b3d8f5d28bdc934367"},
    {file = "pycodestyle-2.6.0.tar.gz", hash = "sha256:c58a7d2815e0e8d7972bf1803331fb0152f867bd89adf8a01dfd55085434192e"},
]
pyflakes = [
    {file = "pyflakes-2.2.0-py2.py3-none-any.whl", hash = "sha256:0d94e0e05a19e57a99444b6ddcf9a6eb2e5c68d3ca1e98e90707af8152c90a92"},
    {file = "pyflakes-2.2.0.tar.gz", hash = "sha256:35b2d75ee967ea93b55750aa9edbbf72813e06a66ba54438df2cfac9e3c27fc8"},
]
pynput = [
    {file = "pynput-1.7.1-py2.py3-none-any.whl", hash = "sha256:b2b96cec8411a940a7f73da6965f13927d03d46fb5105c5bc63ed04f29b2b8f0"},
    {file = "pynput-1.7.1-py3.8.egg", hash = "sha256:452e1f23ed1c2e85e61b2daedc8b6a5481a696b1ed1b98ef0ab164038a104adf"},
    {file = "pynput-1.7.1.tar.gz", hash = "sha256:5a5598bfb14322eff980ac6ca820635fce9028faa4f64a8e1581243aaf6785ee"},
]
pyobjc-core = [
    {file = "pyobjc-core-6.2.2.tar.gz", hash = "sha256:38e7b15a042439dadd18b28b78229e52fb882460fc16ddbae342b9972d5a827c"},
    {file = "pyobjc_core-6.2.2-cp36-cp36m-macosx_10_9_x86_64.whl", hash = "sha256:73938398559b718595076fce4921022f21983dd85ebace3ecbe6182697abe164"},
    {file = "pyobjc_core-6.2.2-cp37-cp37m-macosx_10_9_x86_64.whl", hash = "sha256:60d0c57de915b6ed91a9a26e3bdefdcaeb1288623c69f291338208c5a227d190"},
    {file = "pyobjc_core-6.2.2-cp38-cp38-macosx_10_9_x86_64.whl", hash = "sha256:be312b7a0edb45dd8ea68e70f2b411b59677d4ceb513c48eace73cb78dbfd85f"},
    {file = "pyobjc_core-6.2.2-cp39-cp39-macosx_10_9_x86_64.whl", hash = "sha256:47a89171d218905dbf13011b1a7d698c246cb66fb5f14119bc0d9e039d0486fa"},
]
pyobjc-framework-cocoa = [
    {file = "pyobjc-framework-Cocoa-6.2.2.tar.gz", hash = "sha256:75821b98fb789d240bea7034c4f96396b2eac3e7b02428b4be9101fc899b7fc3"},
    {file = "pyobjc_framework_Cocoa-6.2.2-cp36-cp36m-macosx_10_9_x86_64.whl", hash = "sha256:779299f73b8b5a1dd0973b3b16bd706e1f67df44edfb3f3ca6e5e873591c0efc"},
    {file = "pyobjc_framework_Cocoa-6.2.2-cp37-cp37m-macosx_10_9_x86_64.whl", hash = "sha256:45e3011efbd8ab4eb4c7ee1f55a8b5ecb41cf66fa797aff0e9454060781645a0"},
    {file = "pyobjc_framework_Cocoa-6.2.2-cp38-cp38-macosx_10_9_x86_64.whl", hash = "sha256:2a5ab2e33cafe577592c31b2663f3b23f6e142fd717c8cf3826394a380cc4353"},
    {file = "pyobjc_framework_Cocoa-6.2.2-cp39-cp39-macosx_10_9_x86_64.whl", hash = "sha256:6f5e1d59f6e1f4be40dedf051925b8d90c561657c9ec2453652af033fe5c2bf0"},
]
pyobjc-framework-quartz = [
    {file = "pyobjc-framework-Quartz-6.2.2.tar.gz", hash = "sha256:5a56cfc0289061eaf33f04e3c73e749e04f177b0c1ee8749aa46e87d1e897cda"},
    {file = "pyobjc_framework_Quartz-6.2.2-cp36-cp36m-macosx_10_9_x86_64.whl", hash = "sha256:56d183dc32b11f15ceb0833a2a24953d1212264f07c274e2b8878e691eb72472"},
    {file = "pyobjc_framework_Quartz-6.2.2-cp37-cp37m-macosx_10_9_x86_64.whl", hash = "sha256:a57c7f50286d96ee7b9051c657a8607f0449949891cf0697be3efac76a97be7e"},
    {file = "pyobjc_framework_Quartz-6.2.2-cp38-cp38-macosx_10_9_x86_64.whl", hash = "sha256:552b15eb409f87d34870345feabe6695375a031d8c4063f175dbaa3422005160"},
    {file = "pyobjc_framework_Quartz-6.2.2-cp39-cp39-macosx_10_9_x86_64.whl", hash = "sha256:15f3c7b50d0543f66b927e28cd336c1a6962d58c9808799f49dcf30e4a1a13c2"},
]
python-xlib = [
    {file = "python-xlib-0.28.tar.gz", hash = "sha256:425f766173cdb30d0d61b416342ebecf312a1bf16c4d72ecd26b04667496067f"},
    {file = "python_xlib-0.28-py2.py3-none-any.whl", hash = "sha256:c0e9878ef936d9b8e331976f24bdcc0b1a03eb957401c7cd48047ba7c69dc922"},
]
six = [
    {file = "six-1.15.0-py2.py3-none-any.whl", hash = "sha256:8b74bedcbbbaca38ff6d7491d76f2b06b3592611af620f8426e82dddb04a5ced"},
    {file = "six-1.15.0.tar.gz", hash = "sha256:30639c035cdb23534cd4aa2dd52c3bf48f06e5f4a941509c8bafd8ce11080259"},
]
